
Microsoft Visual Studio Solution File, Format Version 12.00
# Visual Studio 15
VisualStudioVersion = 15.0.26730.16
MinimumVisualStudioVersion = 10.0.40219.1
Project("{FAE04EC0-301F-11D3-BF4B-00C04F79EFBC}") = "Onboarding App", "Onboarding App\Onboarding App.csproj", "{3A5AA8FD-FC5F-40FE-B59D-B50F07E09591}"
EndProject
Global
	GlobalSection(SolutionConfigurationPlatforms) = preSolution
		Debug|Any CPU = Debug|Any CPU
		Release|Any CPU = Release|Any CPU
	EndGlobalSection
	GlobalSection(ProjectConfigurationPlatforms) = postSolution
		{3A5AA8FD-FC5F-40FE-B59D-B50F07E09591}.Debug|Any CPU.ActiveCfg = Debug|Any CPU
		{3A5AA8FD-FC5F-40FE-B59D-B50F07E09591}.Debug|Any CPU.Build.0 = Debug|Any CPU
		{3A5AA8FD-FC5F-40FE-B59D-B50F07E09591}.Release|Any CPU.ActiveCfg = Release|Any CPU
		{3A5AA8FD-FC5F-40FE-B59D-B50F07E09591}.Release|Any CPU.Build.0 = Release|Any CPU
	EndGlobalSection
	GlobalSection(SolutionProperties) = preSolution
		HideSolutionNode = FALSE
	EndGlobalSection
	GlobalSection(ExtensibilityGlobals) = postSolution
		SolutionGuid = {BF8A378F-8AA3-4AB0-9C72-07D2B8A5231A}
	EndGlobalSection
EndGlobal
